
Microsoft Visual Studio Solution File, Format Version 12.00
# Visual Studio Version 16
VisualStudioVersion = 16.0.30225.117
MinimumVisualStudioVersion = 10.0.40219.1
Project("{FAE04EC0-301F-11D3-BF4B-00C04F79EFBC}") = "Em3Emulator", "Em3Emulator\Em3Emulator.csproj", "{FAED5123-00E6-47C9-941D-8399D192A53E}"
EndProject
Global
	GlobalSection(SolutionConfigurationPlatforms) = preSolution
		Debug|Any CPU = Debug|Any CPU
		Release|Any CPU = Release|Any CPU
	EndGlobalSection
	GlobalSection(ProjectConfigurationPlatforms) = postSolution
		{FAED5123-00E6-47C9-941D-8399D192A53E}.Debug|Any CPU.ActiveCfg = Debug|Any CPU
		{FAED5123-00E6-47C9-941D-8399D192A53E}.Debug|Any CPU.Build.0 = Debug|Any CPU
		{FAED5123-00E6-47C9-941D-8399D192A53E}.Release|Any CPU.ActiveCfg = Release|Any CPU
		{FAED5123-00E6-47C9-941D-8399D192A53E}.Release|Any CPU.Build.0 = Release|Any CPU
	EndGlobalSection
	GlobalSection(SolutionProperties) = preSolution
		HideSolutionNode = FALSE
	EndGlobalSection
	GlobalSection(ExtensibilityGlobals) = postSolution
		SolutionGuid = {EBC06B0F-5ABF-4AFA-A832-49C9442CA64E}
	EndGlobalSection
EndGlobal
